
Microsoft Visual Studio Solution File, Format Version 12.00
# Visual Studio Version 16
VisualStudioVersion = 16.0.29806.167
MinimumVisualStudioVersion = 10.0.40219.1
Project("{2150E333-8FDC-42A3-9474-1A3956D46DE8}") = "00 - SQL", "00 - SQL", "{AE6B0EEF-1E97-4D96-A207-8EF95C1020E2}"
EndProject
Project("{2150E333-8FDC-42A3-9474-1A3956D46DE8}") = "01 - Presentation", "01 - Presentation", "{01F90D04-744F-4B06-BF7C-2F94AD671B7F}"
EndProject
Project("{2150E333-8FDC-42A3-9474-1A3956D46DE8}") = "04 - Infraestructure", "04 - Infraestructure", "{5554B837-1503-4BB6-A6F7-4EC40C8D7E0B}"
EndProject
Project("{2150E333-8FDC-42A3-9474-1A3956D46DE8}") = "01.01 - Gateways", "01.01 - Gateways", "{21B0FE3D-6674-4EAC-85BB-2A9BBA72FE5D}"
EndProject
Project("{2150E333-8FDC-42A3-9474-1A3956D46DE8}") = "01.03 - MVC", "01.03 - MVC", "{253979A9-2BA0-47BE-A51D-8C950581EED8}"
EndProject
Project("{2150E333-8FDC-42A3-9474-1A3956D46DE8}") = "01.04 - Console", "01.04 - Console", "{DE3DD1E3-D3D3-4427-B16F-1E471BE2ED6C}"
EndProject
Project("{2150E333-8FDC-42A3-9474-1A3956D46DE8}") = "02 - Business", "02 - Business", "{BDDF966F-2FA2-4FBD-B684-4C8145C58B81}"
EndProject
Project("{2150E333-8FDC-42A3-9474-1A3956D46DE8}") = "03 - Data", "03 - Data", "{CB6D45EB-BFB6-4881-8689-011E6493FC12}"
EndProject
Project("{2150E333-8FDC-42A3-9474-1A3956D46DE8}") = "05 - Crosscutting", "05 - Crosscutting", "{53675B6F-BA24-4601-984C-386D8DE85614}"
EndProject
Project("{9A19103F-16F7-4668-BE54-9A1E7A4F7556}") = "es.efor.PryBase.Data", "es.efor.PryBase.Data\es.efor.PryBase.Data.csproj", "{96C4FEF3-62F9-45A4-9F49-605F511DEC3E}"
EndProject
Project("{9A19103F-16F7-4668-BE54-9A1E7A4F7556}") = "es.efor.PryBase.Users.Business", "es.efor.PryBase.Users.Business\es.efor.PryBase.Users.Business.csproj", "{BB9E3EC9-33DC-4EAD-B084-E13727978205}"
EndProject
Project("{9A19103F-16F7-4668-BE54-9A1E7A4F7556}") = "es.efor.PryBase.Imports.Business", "es.efor.PryBase.Imports.Business\es.efor.PryBase.Imports.Business.csproj", "{FC903F8C-5A97-45B7-AD3E-67D6D1939098}"
EndProject
Project("{9A19103F-16F7-4668-BE54-9A1E7A4F7556}") = "es.efor.PryBase.MainGateway", "es.efor.PryBase.MainGateway\es.efor.PryBase.MainGateway.csproj", "{964B46F5-9814-451F-BFD6-6E3A4C04EE96}"
EndProject
Project("{2150E333-8FDC-42A3-9474-1A3956D46DE8}") = "01.02 - Angular", "01.02 - Angular", "{002A2533-08BC-4E4D-8B0E-B041F570D1D8}"
EndProject
Project("{9A19103F-16F7-4668-BE54-9A1E7A4F7556}") = "es.efor.PryBase.Angular", "es.efor.PryBase.Angular\es.efor.PryBase.Angular.csproj", "{1ED3A887-8046-4849-B329-8801E0BBC721}"
EndProject
Project("{9A19103F-16F7-4668-BE54-9A1E7A4F7556}") = "es.efor.Utilities.General", "es.efor.Utilities.General\es.efor.Utilities.General.csproj", "{16AB8475-EC41-49FE-B5EE-F10B337C347A}"
EndProject
Project("{9A19103F-16F7-4668-BE54-9A1E7A4F7556}") = "es.efor.Utilities.Web", "es.efor.Utilities.Web\es.efor.Utilities.Web.csproj", "{CA29161C-FFB5-409B-8EF4-7D078C4C5EB1}"
EndProject
Project("{9A19103F-16F7-4668-BE54-9A1E7A4F7556}") = "es.efor.Utilities.Swagger", "es.efor.Utilities.Swagger\es.efor.Utilities.Swagger.csproj", "{AEBFFA4D-1296-428D-9D47-D84D5A06C9A2}"
EndProject
Project("{9A19103F-16F7-4668-BE54-9A1E7A4F7556}") = "es.efor.Utilities.Database", "es.efor.Utilities.Database\es.efor.Utilities.Database.csproj", "{8EF98B00-4E55-424F-B0BB-1E320B844EAA}"
EndProject
Project("{9A19103F-16F7-4668-BE54-9A1E7A4F7556}") = "es.efor.PryBase.Data.CodeFirst", "es.efor.PryBase.Data.CodeFirst\es.efor.PryBase.Data.CodeFirst.csproj", "{E0F0C33F-0B4B-40A2-AE39-866888BB91CD}"
EndProject
Project("{2150E333-8FDC-42A3-9474-1A3956D46DE8}") = "06 - Logging", "06 - Logging", "{265B263A-8F21-4DFC-82F7-9057DE281D9A}"
EndProject
Project("{9A19103F-16F7-4668-BE54-9A1E7A4F7556}") = "es.efor.Logging.Serilog", "es.efor.Logging.Serilog\es.efor.Logging.Serilog.csproj", "{A40B396D-D686-4746-B14F-7211DC766B42}"
EndProject
Project("{2150E333-8FDC-42A3-9474-1A3956D46DE8}") = "06.01 - Serilog", "06.01 - Serilog", "{F8C74813-E25F-4B7F-B60C-1DD4062EC9D1}"
EndProject
Project("{9A19103F-16F7-4668-BE54-9A1E7A4F7556}") = "es.efor.Auth", "es.efor.Auth\es.efor.Auth.csproj", "{93D1AAC0-9403-45EA-8261-C5D3D1F38E2C}"
EndProject
Project("{9A19103F-16F7-4668-BE54-9A1E7A4F7556}") = "es.efor.PryBase.Auth", "es.efor.PryBase.Auth\es.efor.PryBase.Auth.csproj", "{006D6776-C65B-4D65-A9C3-381AAD08ECCD}"
EndProject
Project("{9A19103F-16F7-4668-BE54-9A1E7A4F7556}") = "es.efor.Utilities.Linq", "es.efor.Utilities.Linq\es.efor.Utilities.Linq.csproj", "{1E477B40-756D-491D-B508-7D56633B8A02}"
EndProject
Project("{9A19103F-16F7-4668-BE54-9A1E7A4F7556}") = "es.efor.Utilities.Linq.Nav", "es.efor.Utilities.Linq.Nav\es.efor.Utilities.Linq.Nav.csproj", "{99DF6731-9B9C-480B-A763-888659FEF6C3}"
EndProject
Project("{9A19103F-16F7-4668-BE54-9A1E7A4F7556}") = "es.efor.PryBase.Infraestructure", "es.efor.PryBase.Infraestructure\es.efor.PryBase.Infraestructure.csproj", "{72909A5A-76CB-4AFC-A6D3-C0B136132452}"
EndProject
Project("{2150E333-8FDC-42A3-9474-1A3956D46DE8}") = "05.01. Nuevo", "05.01. Nuevo", "{C33CADFA-81C4-456D-8290-4B508E91946B}"
EndProject
Project("{9A19103F-16F7-4668-BE54-9A1E7A4F7556}") = "es.efor.PryBase.Employees.Business", "es.efor.PryBase.Employees.Busisnes\es.efor.PryBase.Employees.Business.csproj", "{5CBD8E6E-2AC8-45D1-A837-1C39A2F77707}"
EndProject
Global
	GlobalSection(SolutionConfigurationPlatforms) = preSolution
		Debug|Any CPU = Debug|Any CPU
		Release|Any CPU = Release|Any CPU
	EndGlobalSection
	GlobalSection(ProjectConfigurationPlatforms) = postSolution
		{96C4FEF3-62F9-45A4-9F49-605F511DEC3E}.Debug|Any CPU.ActiveCfg = Debug|Any CPU
		{96C4FEF3-62F9-45A4-9F49-605F511DEC3E}.Debug|Any CPU.Build.0 = Debug|Any CPU
		{96C4FEF3-62F9-45A4-9F49-605F511DEC3E}.Release|Any CPU.ActiveCfg = Release|Any CPU
		{96C4FEF3-62F9-45A4-9F49-605F511DEC3E}.Release|Any CPU.Build.0 = Release|Any CPU
		{BB9E3EC9-33DC-4EAD-B084-E13727978205}.Debug|Any CPU.ActiveCfg = Debug|Any CPU
		{BB9E3EC9-33DC-4EAD-B084-E13727978205}.Debug|Any CPU.Build.0 = Debug|Any CPU
		{BB9E3EC9-33DC-4EAD-B084-E13727978205}.Release|Any CPU.ActiveCfg = Release|Any CPU
		{BB9E3EC9-33DC-4EAD-B084-E13727978205}.Release|Any CPU.Build.0 = Release|Any CPU
		{FC903F8C-5A97-45B7-AD3E-67D6D1939098}.Debug|Any CPU.ActiveCfg = Debug|Any CPU
		{FC903F8C-5A97-45B7-AD3E-67D6D1939098}.Debug|Any CPU.Build.0 = Debug|Any CPU
		{FC903F8C-5A97-45B7-AD3E-67D6D1939098}.Release|Any CPU.ActiveCfg = Release|Any CPU
		{FC903F8C-5A97-45B7-AD3E-67D6D1939098}.Release|Any CPU.Build.0 = Release|Any CPU
		{964B46F5-9814-451F-BFD6-6E3A4C04EE96}.Debug|Any CPU.ActiveCfg = Debug|Any CPU
		{964B46F5-9814-451F-BFD6-6E3A4C04EE96}.Debug|Any CPU.Build.0 = Debug|Any CPU
		{964B46F5-9814-451F-BFD6-6E3A4C04EE96}.Release|Any CPU.ActiveCfg = Release|Any CPU
		{964B46F5-9814-451F-BFD6-6E3A4C04EE96}.Release|Any CPU.Build.0 = Release|Any CPU
		{1ED3A887-8046-4849-B329-8801E0BBC721}.Debug|Any CPU.ActiveCfg = Debug|Any CPU
		{1ED3A887-8046-4849-B329-8801E0BBC721}.Debug|Any CPU.Build.0 = Debug|Any CPU
		{1ED3A887-8046-4849-B329-8801E0BBC721}.Release|Any CPU.ActiveCfg = Release|Any CPU
		{1ED3A887-8046-4849-B329-8801E0BBC721}.Release|Any CPU.Build.0 = Release|Any CPU
		{16AB8475-EC41-49FE-B5EE-F10B337C347A}.Debug|Any CPU.ActiveCfg = Debug|Any CPU
		{16AB8475-EC41-49FE-B5EE-F10B337C347A}.Debug|Any CPU.Build.0 = Debug|Any CPU
		{16AB8475-EC41-49FE-B5EE-F10B337C347A}.Release|Any CPU.ActiveCfg = Release|Any CPU
		{16AB8475-EC41-49FE-B5EE-F10B337C347A}.Release|Any CPU.Build.0 = Release|Any CPU
		{CA29161C-FFB5-409B-8EF4-7D078C4C5EB1}.Debug|Any CPU.ActiveCfg = Debug|Any CPU
		{CA29161C-FFB5-409B-8EF4-7D078C4C5EB1}.Debug|Any CPU.Build.0 = Debug|Any CPU
		{CA29161C-FFB5-409B-8EF4-7D078C4C5EB1}.Release|Any CPU.ActiveCfg = Release|Any CPU
		{CA29161C-FFB5-409B-8EF4-7D078C4C5EB1}.Release|Any CPU.Build.0 = Release|Any CPU
		{AEBFFA4D-1296-428D-9D47-D84D5A06C9A2}.Debug|Any CPU.ActiveCfg = Debug|Any CPU
		{AEBFFA4D-1296-428D-9D47-D84D5A06C9A2}.Debug|Any CPU.Build.0 = Debug|Any CPU
		{AEBFFA4D-1296-428D-9D47-D84D5A06C9A2}.Release|Any CPU.ActiveCfg = Release|Any CPU
		{AEBFFA4D-1296-428D-9D47-D84D5A06C9A2}.Release|Any CPU.Build.0 = Release|Any CPU
		{8EF98B00-4E55-424F-B0BB-1E320B844EAA}.Debug|Any CPU.ActiveCfg = Debug|Any CPU
		{8EF98B00-4E55-424F-B0BB-1E320B844EAA}.Debug|Any CPU.Build.0 = Debug|Any CPU
		{8EF98B00-4E55-424F-B0BB-1E320B844EAA}.Release|Any CPU.ActiveCfg = Release|Any CPU
		{8EF98B00-4E55-424F-B0BB-1E320B844EAA}.Release|Any CPU.Build.0 = Release|Any CPU
		{E0F0C33F-0B4B-40A2-AE39-866888BB91CD}.Debug|Any CPU.ActiveCfg = Debug|Any CPU
		{E0F0C33F-0B4B-40A2-AE39-866888BB91CD}.Debug|Any CPU.Build.0 = Debug|Any CPU
		{E0F0C33F-0B4B-40A2-AE39-866888BB91CD}.Release|Any CPU.ActiveCfg = Release|Any CPU
		{E0F0C33F-0B4B-40A2-AE39-866888BB91CD}.Release|Any CPU.Build.0 = Release|Any CPU
		{A40B396D-D686-4746-B14F-7211DC766B42}.Debug|Any CPU.ActiveCfg = Debug|Any CPU
		{A40B396D-D686-4746-B14F-7211DC766B42}.Debug|Any CPU.Build.0 = Debug|Any CPU
		{A40B396D-D686-4746-B14F-7211DC766B42}.Release|Any CPU.ActiveCfg = Release|Any CPU
		{A40B396D-D686-4746-B14F-7211DC766B42}.Release|Any CPU.Build.0 = Release|Any CPU
		{93D1AAC0-9403-45EA-8261-C5D3D1F38E2C}.Debug|Any CPU.ActiveCfg = Debug|Any CPU
		{93D1AAC0-9403-45EA-8261-C5D3D1F38E2C}.Debug|Any CPU.Build.0 = Debug|Any CPU
		{93D1AAC0-9403-45EA-8261-C5D3D1F38E2C}.Release|Any CPU.ActiveCfg = Release|Any CPU
		{93D1AAC0-9403-45EA-8261-C5D3D1F38E2C}.Release|Any CPU.Build.0 = Release|Any CPU
		{006D6776-C65B-4D65-A9C3-381AAD08ECCD}.Debug|Any CPU.ActiveCfg = Debug|Any CPU
		{006D6776-C65B-4D65-A9C3-381AAD08ECCD}.Debug|Any CPU.Build.0 = Debug|Any CPU
		{006D6776-C65B-4D65-A9C3-381AAD08ECCD}.Release|Any CPU.ActiveCfg = Release|Any CPU
		{006D6776-C65B-4D65-A9C3-381AAD08ECCD}.Release|Any CPU.Build.0 = Release|Any CPU
		{1E477B40-756D-491D-B508-7D56633B8A02}.Debug|Any CPU.ActiveCfg = Debug|Any CPU
		{1E477B40-756D-491D-B508-7D56633B8A02}.Debug|Any CPU.Build.0 = Debug|Any CPU
		{1E477B40-756D-491D-B508-7D56633B8A02}.Release|Any CPU.ActiveCfg = Release|Any CPU
		{1E477B40-756D-491D-B508-7D56633B8A02}.Release|Any CPU.Build.0 = Release|Any CPU
		{99DF6731-9B9C-480B-A763-888659FEF6C3}.Debug|Any CPU.ActiveCfg = Debug|Any CPU
		{99DF6731-9B9C-480B-A763-888659FEF6C3}.Debug|Any CPU.Build.0 = Debug|Any CPU
		{99DF6731-9B9C-480B-A763-888659FEF6C3}.Release|Any CPU.ActiveCfg = Release|Any CPU
		{99DF6731-9B9C-480B-A763-888659FEF6C3}.Release|Any CPU.Build.0 = Release|Any CPU
		{72909A5A-76CB-4AFC-A6D3-C0B136132452}.Debug|Any CPU.ActiveCfg = Debug|Any CPU
		{72909A5A-76CB-4AFC-A6D3-C0B136132452}.Debug|Any CPU.Build.0 = Debug|Any CPU
		{72909A5A-76CB-4AFC-A6D3-C0B136132452}.Release|Any CPU.ActiveCfg = Release|Any CPU
		{72909A5A-76CB-4AFC-A6D3-C0B136132452}.Release|Any CPU.Build.0 = Release|Any CPU
		{5CBD8E6E-2AC8-45D1-A837-1C39A2F77707}.Debug|Any CPU.ActiveCfg = Debug|Any CPU
		{5CBD8E6E-2AC8-45D1-A837-1C39A2F77707}.Debug|Any CPU.Build.0 = Debug|Any CPU
		{5CBD8E6E-2AC8-45D1-A837-1C39A2F77707}.Release|Any CPU.ActiveCfg = Release|Any CPU
		{5CBD8E6E-2AC8-45D1-A837-1C39A2F77707}.Release|Any CPU.Build.0 = Release|Any CPU
	EndGlobalSection
	GlobalSection(SolutionProperties) = preSolution
		HideSolutionNode = FALSE
	EndGlobalSection
	GlobalSection(NestedProjects) = preSolution
		{21B0FE3D-6674-4EAC-85BB-2A9BBA72FE5D} = {01F90D04-744F-4B06-BF7C-2F94AD671B7F}
		{253979A9-2BA0-47BE-A51D-8C950581EED8} = {01F90D04-744F-4B06-BF7C-2F94AD671B7F}
		{DE3DD1E3-D3D3-4427-B16F-1E471BE2ED6C} = {01F90D04-744F-4B06-BF7C-2F94AD671B7F}
		{96C4FEF3-62F9-45A4-9F49-605F511DEC3E} = {CB6D45EB-BFB6-4881-8689-011E6493FC12}
		{BB9E3EC9-33DC-4EAD-B084-E13727978205} = {BDDF966F-2FA2-4FBD-B684-4C8145C58B81}
		{FC903F8C-5A97-45B7-AD3E-67D6D1939098} = {BDDF966F-2FA2-4FBD-B684-4C8145C58B81}
		{964B46F5-9814-451F-BFD6-6E3A4C04EE96} = {21B0FE3D-6674-4EAC-85BB-2A9BBA72FE5D}
		{002A2533-08BC-4E4D-8B0E-B041F570D1D8} = {01F90D04-744F-4B06-BF7C-2F94AD671B7F}
		{1ED3A887-8046-4849-B329-8801E0BBC721} = {002A2533-08BC-4E4D-8B0E-B041F570D1D8}
		{16AB8475-EC41-49FE-B5EE-F10B337C347A} = {C33CADFA-81C4-456D-8290-4B508E91946B}
		{CA29161C-FFB5-409B-8EF4-7D078C4C5EB1} = {C33CADFA-81C4-456D-8290-4B508E91946B}
		{AEBFFA4D-1296-428D-9D47-D84D5A06C9A2} = {C33CADFA-81C4-456D-8290-4B508E91946B}
		{8EF98B00-4E55-424F-B0BB-1E320B844EAA} = {C33CADFA-81C4-456D-8290-4B508E91946B}
		{E0F0C33F-0B4B-40A2-AE39-866888BB91CD} = {CB6D45EB-BFB6-4881-8689-011E6493FC12}
		{A40B396D-D686-4746-B14F-7211DC766B42} = {F8C74813-E25F-4B7F-B60C-1DD4062EC9D1}
		{F8C74813-E25F-4B7F-B60C-1DD4062EC9D1} = {265B263A-8F21-4DFC-82F7-9057DE281D9A}
		{93D1AAC0-9403-45EA-8261-C5D3D1F38E2C} = {C33CADFA-81C4-456D-8290-4B508E91946B}
		{006D6776-C65B-4D65-A9C3-381AAD08ECCD} = {53675B6F-BA24-4601-984C-386D8DE85614}
		{1E477B40-756D-491D-B508-7D56633B8A02} = {C33CADFA-81C4-456D-8290-4B508E91946B}
		{99DF6731-9B9C-480B-A763-888659FEF6C3} = {C33CADFA-81C4-456D-8290-4B508E91946B}
		{72909A5A-76CB-4AFC-A6D3-C0B136132452} = {5554B837-1503-4BB6-A6F7-4EC40C8D7E0B}
		{C33CADFA-81C4-456D-8290-4B508E91946B} = {53675B6F-BA24-4601-984C-386D8DE85614}
		{5CBD8E6E-2AC8-45D1-A837-1C39A2F77707} = {BDDF966F-2FA2-4FBD-B684-4C8145C58B81}
	EndGlobalSection
	GlobalSection(ExtensibilityGlobals) = postSolution
		SolutionGuid = {4AECBA26-24AA-4086-8EE2-623A9C052AA7}
	EndGlobalSection
EndGlobal
